
Microsoft Visual Studio Solution File, Format Version 12.00
# Visual Studio Version 16
VisualStudioVersion = 16.0.29509.3
MinimumVisualStudioVersion = 10.0.40219.1
Project("{8BC9CEB8-8B4A-11D0-8D11-00A0C91BC942}") = "WinAPIApp", "WinAPIApp.vcxproj", "{F7C16332-0928-4289-B62F-6AE1EC154AF9}"
EndProject
Global
	GlobalSection(SolutionConfigurationPlatforms) = preSolution
		Debug|x64 = Debug|x64
		Debug|x86 = Debug|x86
		Release|x64 = Release|x64
		Release|x86 = Release|x86
	EndGlobalSection
	GlobalSection(ProjectConfigurationPlatforms) = postSolution
		{F7C16332-0928-4289-B62F-6AE1EC154AF9}.Debug|x64.ActiveCfg = Debug|x64
		{F7C16332-0928-4289-B62F-6AE1EC154AF9}.Debug|x64.Build.0 = Debug|x64
		{F7C16332-0928-4289-B62F-6AE1EC154AF9}.Debug|x86.ActiveCfg = Debug|Win32
		{F7C16332-0928-4289-B62F-6AE1EC154AF9}.Debug|x86.Build.0 = Debug|Win32
		{F7C16332-0928-4289-B62F-6AE1EC154AF9}.Release|x64.ActiveCfg = Release|x64
		{F7C16332-0928-4289-B62F-6AE1EC154AF9}.Release|x64.Build.0 = Release|x64
		{F7C16332-0928-4289-B62F-6AE1EC154AF9}.Release|x86.ActiveCfg = Release|Win32
		{F7C16332-0928-4289-B62F-6AE1EC154AF9}.Release|x86.Build.0 = Release|Win32
	EndGlobalSection
	GlobalSection(SolutionProperties) = preSolution
		HideSolutionNode = FALSE
	EndGlobalSection
	GlobalSection(ExtensibilityGlobals) = postSolution
		SolutionGuid = {E633204E-9451-4CDD-83D7-865623434BED}
	EndGlobalSection
EndGlobal
